
Microsoft Visual Studio Solution File, Format Version 12.00
# Visual Studio Version 17
VisualStudioVersion = 17.3.32811.315
MinimumVisualStudioVersion = 10.0.40219.1
Project("{FAE04EC0-301F-11D3-BF4B-00C04F79EFBC}") = "DriverEasyActivator", "DriverEasyActivator\DriverEasyActivator.csproj", "{49073BAB-DDEB-4C9F-A607-AB6513EEFC78}"
EndProject
Global
	GlobalSection(SolutionConfigurationPlatforms) = preSolution
		Debug|Any CPU = Debug|Any CPU
		Release|Any CPU = Release|Any CPU
	EndGlobalSection
	GlobalSection(ProjectConfigurationPlatforms) = postSolution
		{49073BAB-DDEB-4C9F-A607-AB6513EEFC78}.Debug|Any CPU.ActiveCfg = Debug|Any CPU
		{49073BAB-DDEB-4C9F-A607-AB6513EEFC78}.Debug|Any CPU.Build.0 = Debug|Any CPU
		{49073BAB-DDEB-4C9F-A607-AB6513EEFC78}.Release|Any CPU.ActiveCfg = Release|Any CPU
		{49073BAB-DDEB-4C9F-A607-AB6513EEFC78}.Release|Any CPU.Build.0 = Release|Any CPU
	EndGlobalSection
	GlobalSection(SolutionProperties) = preSolution
		HideSolutionNode = FALSE
	EndGlobalSection
	GlobalSection(ExtensibilityGlobals) = postSolution
		SolutionGuid = {2C6629CE-F341-4844-A3FF-F49C93E0ABDB}
	EndGlobalSection
EndGlobal
